
Microsoft Visual Studio Solution File, Format Version 12.00
# Visual Studio Version 17
VisualStudioVersion = 17.14.36518.9
MinimumVisualStudioVersion = 10.0.40219.1
Project("{FAE04EC0-301F-11D3-BF4B-00C04F79EFBC}") = "StudentManagement.Api", "StudentManagement.Api\StudentManagement.Api.csproj", "{4D635CD8-8D4C-4F75-B9EC-DAE540691000}"
EndProject
Project("{FAE04EC0-301F-11D3-BF4B-00C04F79EFBC}") = "StudentManagement.Test", "StudentManagement.Test\StudentManagement.Test.csproj", "{2614FC43-D93F-4A11-BC3F-FCB7112FEB38}"
EndProject
Global
	GlobalSection(SolutionConfigurationPlatforms) = preSolution
		Debug|Any CPU = Debug|Any CPU
		Release|Any CPU = Release|Any CPU
	EndGlobalSection
	GlobalSection(ProjectConfigurationPlatforms) = postSolution
		{4D635CD8-8D4C-4F75-B9EC-DAE540691000}.Debug|Any CPU.ActiveCfg = Debug|Any CPU
		{4D635CD8-8D4C-4F75-B9EC-DAE540691000}.Debug|Any CPU.Build.0 = Debug|Any CPU
		{4D635CD8-8D4C-4F75-B9EC-DAE540691000}.Release|Any CPU.ActiveCfg = Release|Any CPU
		{4D635CD8-8D4C-4F75-B9EC-DAE540691000}.Release|Any CPU.Build.0 = Release|Any CPU
		{2614FC43-D93F-4A11-BC3F-FCB7112FEB38}.Debug|Any CPU.ActiveCfg = Debug|Any CPU
		{2614FC43-D93F-4A11-BC3F-FCB7112FEB38}.Debug|Any CPU.Build.0 = Debug|Any CPU
		{2614FC43-D93F-4A11-BC3F-FCB7112FEB38}.Release|Any CPU.ActiveCfg = Release|Any CPU
		{2614FC43-D93F-4A11-BC3F-FCB7112FEB38}.Release|Any CPU.Build.0 = Release|Any CPU
	EndGlobalSection
	GlobalSection(SolutionProperties) = preSolution
		HideSolutionNode = FALSE
	EndGlobalSection
	GlobalSection(ExtensibilityGlobals) = postSolution
		SolutionGuid = {E2C5DA4E-D456-452A-A69C-FE2EC8B27496}
	EndGlobalSection
EndGlobal
